# This file is @generated by PDM.
# It is not intended for manual editing.

[metadata]
groups = ["default"]
cross_platform = true
static_urls = false
lock_version = "4.3"
content_hash = "sha256:76a1e7c16299c4f03ca292ce105e206529937d67e2b8f56cf50b1921faf369ee"

[[package]]
name = "asgiref"
version = "3.7.2"
requires_python = ">=3.7"
summary = "ASGI specs, helper code, and adapters"
dependencies = [
    "typing-extensions>=4; python_version < \"3.11\"",
]
files = [
    {file = "asgiref-3.7.2-py3-none-any.whl", hash = "sha256:89b2ef2247e3b562a16eef663bc0e2e703ec6468e2fa8a5cd61cd449786d4f6e"},
    {file = "asgiref-3.7.2.tar.gz", hash = "sha256:9e0ce3aa93a819ba5b45120216b23878cf6e8525eb3848653452b4192b92afed"},
]

[[package]]
name = "attrs"
version = "23.1.0"
requires_python = ">=3.7"
summary = "Classes Without Boilerplate"
files = [
    {file = "attrs-23.1.0-py3-none-any.whl", hash = "sha256:1f28b4522cdc2fb4256ac1a020c78acf9cba2c6b461ccd2c126f3aa8e8335d04"},
    {file = "attrs-23.1.0.tar.gz", hash = "sha256:6279836d581513a26f1bf235f9acd333bc9115683f14f7e8fae46c98fc50e015"},
]

[[package]]
name = "django"
version = "4.2.4"
requires_python = ">=3.8"
summary = "A high-level Python web framework that encourages rapid development and clean, pragmatic design."
dependencies = [
    "asgiref<4,>=3.6.0",
    "sqlparse>=0.3.1",
    "tzdata; sys_platform == \"win32\"",
]
files = [
    {file = "Django-4.2.4-py3-none-any.whl", hash = "sha256:860ae6a138a238fc4f22c99b52f3ead982bb4b1aad8c0122bcd8c8a3a02e409d"},
    {file = "Django-4.2.4.tar.gz", hash = "sha256:7e4225ec065e0f354ccf7349a22d209de09cc1c074832be9eb84c51c1799c432"},
]

[[package]]
name = "django-cors-headers"
version = "4.2.0"
requires_python = ">=3.8"
summary = "django-cors-headers is a Django application for handling the server headers required for Cross-Origin Resource Sharing (CORS)."
dependencies = [
    "Django>=3.2",
]
files = [
    {file = "django_cors_headers-4.2.0-py3-none-any.whl", hash = "sha256:9ada212b0e2efd4a5e339360ffc869cb21ac5605e810afe69f7308e577ea5bde"},
    {file = "django_cors_headers-4.2.0.tar.gz", hash = "sha256:f9749c6410fe738278bc2b6ef17f05195bc7b251693c035752d8257026af024f"},
]

[[package]]
name = "djangorestframework"
version = "3.14.0"
requires_python = ">=3.6"
summary = "Web APIs for Django, made easy."
dependencies = [
    "django>=3.0",
    "pytz",
]
files = [
    {file = "djangorestframework-3.14.0-py3-none-any.whl", hash = "sha256:eb63f58c9f218e1a7d064d17a70751f528ed4e1d35547fdade9aaf4cd103fd08"},
    {file = "djangorestframework-3.14.0.tar.gz", hash = "sha256:579a333e6256b09489cbe0a067e66abe55c6595d8926be6b99423786334350c8"},
]

[[package]]
name = "djangorestframework-simplejwt"
version = "5.2.2"
requires_python = ">=3.7"
summary = "A minimal JSON Web Token authentication plugin for Django REST Framework"
dependencies = [
    "django",
    "djangorestframework",
    "pyjwt<3,>=1.7.1",
]
files = [
    {file = "djangorestframework_simplejwt-5.2.2-py3-none-any.whl", hash = "sha256:4c0d2e2513e12587d93501ac091781684a216c3ee614eb3b5a10586aef5ca845"},
    {file = "djangorestframework_simplejwt-5.2.2.tar.gz", hash = "sha256:d27d4bcac2c6394f678dea8b4d0d511c6e18a7f2eb8aaeeb8a7de601aeb77c42"},
]

[[package]]
name = "drf-spectacular"
version = "0.26.4"
requires_python = ">=3.6"
summary = "Sane and flexible OpenAPI 3 schema generation for Django REST framework"
dependencies = [
    "Django>=2.2",
    "PyYAML>=5.1",
    "djangorestframework>=3.10.3",
    "inflection>=0.3.1",
    "jsonschema>=2.6.0",
    "uritemplate>=2.0.0",
]
files = [
    {file = "drf-spectacular-0.26.4.tar.gz", hash = "sha256:8f5a8f87353d1bb8dcb3f3909b7109b2dcbe1d91f3e069409cf322963e140bd6"},
    {file = "drf_spectacular-0.26.4-py3-none-any.whl", hash = "sha256:afeccc6533dcdb4e78afbfcc49f3c5e9c369aeb62f965e4d1a43b165449c147a"},
]

[[package]]
name = "inflection"
version = "0.5.1"
requires_python = ">=3.5"
summary = "A port of Ruby on Rails inflector to Python"
files = [
    {file = "inflection-0.5.1-py2.py3-none-any.whl", hash = "sha256:f38b2b640938a4f35ade69ac3d053042959b62a0f1076a5bbaa1b9526605a8a2"},
    {file = "inflection-0.5.1.tar.gz", hash = "sha256:1a29730d366e996aaacffb2f1f1cb9593dc38e2ddd30c91250c6dde09ea9b417"},
]

[[package]]
name = "jsonschema"
version = "4.19.0"
requires_python = ">=3.8"
summary = "An implementation of JSON Schema validation for Python"
dependencies = [
    "attrs>=22.2.0",
    "jsonschema-specifications>=2023.03.6",
    "referencing>=0.28.4",
    "rpds-py>=0.7.1",
]
files = [
    {file = "jsonschema-4.19.0-py3-none-any.whl", hash = "sha256:043dc26a3845ff09d20e4420d6012a9c91c9aa8999fa184e7efcfeccb41e32cb"},
    {file = "jsonschema-4.19.0.tar.gz", hash = "sha256:6e1e7569ac13be8139b2dd2c21a55d350066ee3f80df06c608b398cdc6f30e8f"},
]

[[package]]
name = "jsonschema-specifications"
version = "2023.7.1"
requires_python = ">=3.8"
summary = "The JSON Schema meta-schemas and vocabularies, exposed as a Registry"
dependencies = [
    "referencing>=0.28.0",
]
files = [
    {file = "jsonschema_specifications-2023.7.1-py3-none-any.whl", hash = "sha256:05adf340b659828a004220a9613be00fa3f223f2b82002e273dee62fd50524b1"},
    {file = "jsonschema_specifications-2023.7.1.tar.gz", hash = "sha256:c91a50404e88a1f6ba40636778e2ee08f6e24c5613fe4c53ac24578a5a7f72bb"},
]

[[package]]
name = "pillow"
version = "10.0.0"
requires_python = ">=3.8"
summary = "Python Imaging Library (Fork)"
files = [
    {file = "Pillow-10.0.0-cp310-cp310-macosx_10_10_x86_64.whl", hash = "sha256:1f62406a884ae75fb2f818694469519fb685cc7eaff05d3451a9ebe55c646891"},
    {file = "Pillow-10.0.0-cp310-cp310-macosx_11_0_arm64.whl", hash = "sha256:d5db32e2a6ccbb3d34d87c87b432959e0db29755727afb37290e10f6e8e62614"},
    {file = "Pillow-10.0.0-cp310-cp310-manylinux_2_17_aarch64.manylinux2014_aarch64.whl", hash = "sha256:edf4392b77bdc81f36e92d3a07a5cd072f90253197f4a52a55a8cec48a12483b"},
    {file = "Pillow-10.0.0-cp310-cp310-manylinux_2_17_x86_64.manylinux2014_x86_64.whl", hash = "sha256:520f2a520dc040512699f20fa1c363eed506e94248d71f85412b625026f6142c"},
    {file = "Pillow-10.0.0-cp310-cp310-manylinux_2_28_aarch64.whl", hash = "sha256:8c11160913e3dd06c8ffdb5f233a4f254cb449f4dfc0f8f4549eda9e542c93d1"},
    {file = "Pillow-10.0.0-cp310-cp310-manylinux_2_28_x86_64.whl", hash = "sha256:a74ba0c356aaa3bb8e3eb79606a87669e7ec6444be352870623025d75a14a2bf"},
    {file = "Pillow-10.0.0-cp310-cp310-musllinux_1_1_aarch64.whl", hash = "sha256:d5d0dae4cfd56969d23d94dc8e89fb6a217be461c69090768227beb8ed28c0a3"},
    {file = "Pillow-10.0.0-cp310-cp310-musllinux_1_1_x86_64.whl", hash = "sha256:22c10cc517668d44b211717fd9775799ccec4124b9a7f7b3635fc5386e584992"},
    {file = "Pillow-10.0.0-cp310-cp310-win_amd64.whl", hash = "sha256:dffe31a7f47b603318c609f378ebcd57f1554a3a6a8effbc59c3c69f804296de"},
    {file = "Pillow-10.0.0-cp311-cp311-macosx_10_10_x86_64.whl", hash = "sha256:9fb218c8a12e51d7ead2a7c9e101a04982237d4855716af2e9499306728fb485"},
    {file = "Pillow-10.0.0-cp311-cp311-macosx_11_0_arm64.whl", hash = "sha256:d35e3c8d9b1268cbf5d3670285feb3528f6680420eafe35cccc686b73c1e330f"},
    {file = "Pillow-10.0.0-cp311-cp311-manylinux_2_17_aarch64.manylinux2014_aarch64.whl", hash = "sha256:3ed64f9ca2f0a95411e88a4efbd7a29e5ce2cea36072c53dd9d26d9c76f753b3"},
    {file = "Pillow-10.0.0-cp311-cp311-manylinux_2_17_x86_64.manylinux2014_x86_64.whl", hash = "sha256:0b6eb5502f45a60a3f411c63187db83a3d3107887ad0d036c13ce836f8a36f1d"},
    {file = "Pillow-10.0.0-cp311-cp311-manylinux_2_28_aarch64.whl", hash = "sha256:c1fbe7621c167ecaa38ad29643d77a9ce7311583761abf7836e1510c580bf3dd"},
    {file = "Pillow-10.0.0-cp311-cp311-manylinux_2_28_x86_64.whl", hash = "sha256:cd25d2a9d2b36fcb318882481367956d2cf91329f6892fe5d385c346c0649629"},
    {file = "Pillow-10.0.0-cp311-cp311-musllinux_1_1_aarch64.whl", hash = "sha256:3b08d4cc24f471b2c8ca24ec060abf4bebc6b144cb89cba638c720546b1cf538"},
    {file = "Pillow-10.0.0-cp311-cp311-musllinux_1_1_x86_64.whl", hash = "sha256:d737a602fbd82afd892ca746392401b634e278cb65d55c4b7a8f48e9ef8d008d"},
    {file = "Pillow-10.0.0-cp311-cp311-win_amd64.whl", hash = "sha256:3a82c40d706d9aa9734289740ce26460a11aeec2d9c79b7af87bb35f0073c12f"},
    {file = "Pillow-10.0.0-cp311-cp311-win_arm64.whl", hash = "sha256:bc2ec7c7b5d66b8ec9ce9f720dbb5fa4bace0f545acd34870eff4a369b44bf37"},
    {file = "Pillow-10.0.0-cp312-cp312-macosx_10_10_x86_64.whl", hash = "sha256:d80cf684b541685fccdd84c485b31ce73fc5c9b5d7523bf1394ce134a60c6883"},
    {file = "Pillow-10.0.0-cp312-cp312-macosx_11_0_arm64.whl", hash = "sha256:76de421f9c326da8f43d690110f0e79fe3ad1e54be811545d7d91898b4c8493e"},
    {file = "Pillow-10.0.0-cp312-cp312-manylinux_2_17_aarch64.manylinux2014_aarch64.whl", hash = "sha256:81ff539a12457809666fef6624684c008e00ff6bf455b4b89fd00a140eecd640"},
    {file = "Pillow-10.0.0-cp312-cp312-manylinux_2_17_x86_64.manylinux2014_x86_64.whl", hash = "sha256:ce543ed15570eedbb85df19b0a1a7314a9c8141a36ce089c0a894adbfccb4568"},
    {file = "Pillow-10.0.0-cp312-cp312-manylinux_2_28_aarch64.whl", hash = "sha256:685ac03cc4ed5ebc15ad5c23bc555d68a87777586d970c2c3e216619a5476223"},
    {file = "Pillow-10.0.0-cp312-cp312-manylinux_2_28_x86_64.whl", hash = "sha256:d72e2ecc68a942e8cf9739619b7f408cc7b272b279b56b2c83c6123fcfa5cdff"},
    {file = "Pillow-10.0.0-cp312-cp312-musllinux_1_1_aarch64.whl", hash = "sha256:d50b6aec14bc737742ca96e85d6d0a5f9bfbded018264b3b70ff9d8c33485551"},
    {file = "Pillow-10.0.0-cp312-cp312-musllinux_1_1_x86_64.whl", hash = "sha256:00e65f5e822decd501e374b0650146063fbb30a7264b4d2744bdd7b913e0cab5"},
    {file = "Pillow-10.0.0-cp312-cp312-win_amd64.whl", hash = "sha256:f31f9fdbfecb042d046f9d91270a0ba28368a723302786c0009ee9b9f1f60199"},
    {file = "Pillow-10.0.0-cp312-cp312-win_arm64.whl", hash = "sha256:1ce91b6ec08d866b14413d3f0bbdea7e24dfdc8e59f562bb77bc3fe60b6144ca"},
    {file = "Pillow-10.0.0-pp310-pypy310_pp73-macosx_10_10_x86_64.whl", hash = "sha256:92be919bbc9f7d09f7ae343c38f5bb21c973d2576c1d45600fce4b74bafa7ac0"},
    {file = "Pillow-10.0.0-pp310-pypy310_pp73-manylinux_2_17_x86_64.manylinux2014_x86_64.whl", hash = "sha256:8f8182b523b2289f7c415f589118228d30ac8c355baa2f3194ced084dac2dbba"},
    {file = "Pillow-10.0.0-pp310-pypy310_pp73-manylinux_2_28_x86_64.whl", hash = "sha256:38250a349b6b390ee6047a62c086d3817ac69022c127f8a5dc058c31ccef17f3"},
    {file = "Pillow-10.0.0-pp310-pypy310_pp73-win_amd64.whl", hash = "sha256:88af2003543cc40c80f6fca01411892ec52b11021b3dc22ec3bc9d5afd1c5334"},
    {file = "Pillow-10.0.0-pp39-pypy39_pp73-macosx_10_10_x86_64.whl", hash = "sha256:c189af0545965fa8d3b9613cfdb0cd37f9d71349e0f7750e1fd704648d475ed2"},
    {file = "Pillow-10.0.0-pp39-pypy39_pp73-manylinux_2_17_x86_64.manylinux2014_x86_64.whl", hash = "sha256:ce7b031a6fc11365970e6a5686d7ba8c63e4c1cf1ea143811acbb524295eabed"},
    {file = "Pillow-10.0.0-pp39-pypy39_pp73-manylinux_2_28_x86_64.whl", hash = "sha256:db24668940f82321e746773a4bc617bfac06ec831e5c88b643f91f122a785684"},
    {file = "Pillow-10.0.0-pp39-pypy39_pp73-win_amd64.whl", hash = "sha256:efe8c0681042536e0d06c11f48cebe759707c9e9abf880ee213541c5b46c5bf3"},
    {file = "Pillow-10.0.0.tar.gz", hash = "sha256:9c82b5b3e043c7af0d95792d0d20ccf68f61a1fec6b3530e718b688422727396"},
]

[[package]]
name = "pyjwt"
version = "2.8.0"
requires_python = ">=3.7"
summary = "JSON Web Token implementation in Python"
files = [
    {file = "PyJWT-2.8.0-py3-none-any.whl", hash = "sha256:59127c392cc44c2da5bb3192169a91f429924e17aff6534d70fdc02ab3e04320"},
    {file = "PyJWT-2.8.0.tar.gz", hash = "sha256:57e28d156e3d5c10088e0c68abb90bfac3df82b40a71bd0daa20c65ccd5c23de"},
]

[[package]]
name = "python-magic"
version = "0.4.27"
requires_python = ">=2.7, !=3.0.*, !=3.1.*, !=3.2.*, !=3.3.*, !=3.4.*"
summary = "File type identification using libmagic"
files = [
    {file = "python-magic-0.4.27.tar.gz", hash = "sha256:c1ba14b08e4a5f5c31a302b7721239695b2f0f058d125bd5ce1ee36b9d9d3c3b"},
    {file = "python_magic-0.4.27-py2.py3-none-any.whl", hash = "sha256:c212960ad306f700aa0d01e5d7a325d20548ff97eb9920dcd29513174f0294d3"},
]

[[package]]
name = "pytz"
version = "2023.3"
summary = "World timezone definitions, modern and historical"
files = [
    {file = "pytz-2023.3-py2.py3-none-any.whl", hash = "sha256:a151b3abb88eda1d4e34a9814df37de2a80e301e68ba0fd856fb9b46bfbbbffb"},
    {file = "pytz-2023.3.tar.gz", hash = "sha256:1d8ce29db189191fb55338ee6d0387d82ab59f3d00eac103412d64e0ebd0c588"},
]

[[package]]
name = "pyyaml"
version = "6.0.1"
requires_python = ">=3.6"
summary = "YAML parser and emitter for Python"
files = [
    {file = "PyYAML-6.0.1-cp310-cp310-macosx_10_9_x86_64.whl", hash = "sha256:d858aa552c999bc8a8d57426ed01e40bef403cd8ccdd0fc5f6f04a00414cac2a"},
    {file = "PyYAML-6.0.1-cp310-cp310-macosx_11_0_arm64.whl", hash = "sha256:fd66fc5d0da6d9815ba2cebeb4205f95818ff4b79c3ebe268e75d961704af52f"},
    {file = "PyYAML-6.0.1-cp310-cp310-manylinux_2_17_aarch64.manylinux2014_aarch64.whl", hash = "sha256:69b023b2b4daa7548bcfbd4aa3da05b3a74b772db9e23b982788168117739938"},
    {file = "PyYAML-6.0.1-cp310-cp310-manylinux_2_17_s390x.manylinux2014_s390x.whl", hash = "sha256:81e0b275a9ecc9c0c0c07b4b90ba548307583c125f54d5b6946cfee6360c733d"},
    {file = "PyYAML-6.0.1-cp310-cp310-manylinux_2_17_x86_64.manylinux2014_x86_64.whl", hash = "sha256:ba336e390cd8e4d1739f42dfe9bb83a3cc2e80f567d8805e11b46f4a943f5515"},
    {file = "PyYAML-6.0.1-cp310-cp310-win32.whl", hash = "sha256:bd4af7373a854424dabd882decdc5579653d7868b8fb26dc7d0e99f823aa5924"},
    {file = "PyYAML-6.0.1-cp310-cp310-win_amd64.whl", hash = "sha256:fd1592b3fdf65fff2ad0004b5e363300ef59ced41c2e6b3a99d4089fa8c5435d"},
    {file = "PyYAML-6.0.1-cp311-cp311-macosx_10_9_x86_64.whl", hash = "sha256:6965a7bc3cf88e5a1c3bd2e0b5c22f8d677dc88a455344035f03399034eb3007"},
    {file = "PyYAML-6.0.1-cp311-cp311-macosx_11_0_arm64.whl", hash = "sha256:f003ed9ad21d6a4713f0a9b5a7a0a79e08dd0f221aff4525a2be4c346ee60aab"},
    {file = "PyYAML-6.0.1-cp311-cp311-manylinux_2_17_aarch64.manylinux2014_aarch64.whl", hash = "sha256:42f8152b8dbc4fe7d96729ec2b99c7097d656dc1213a3229ca5383f973a5ed6d"},
    {file = "PyYAML-6.0.1-cp311-cp311-manylinux_2_17_s390x.manylinux2014_s390x.whl", hash = "sha256:062582fca9fabdd2c8b54a3ef1c978d786e0f6b3a1510e0ac93ef59e0ddae2bc"},
    {file = "PyYAML-6.0.1-cp311-cp311-manylinux_2_17_x86_64.manylinux2014_x86_64.whl", hash = "sha256:d2b04aac4d386b172d5b9692e2d2da8de7bfb6c387fa4f801fbf6fb2e6ba4673"},
    {file = "PyYAML-6.0.1-cp311-cp311-win32.whl", hash = "sha256:1635fd110e8d85d55237ab316b5b011de701ea0f29d07611174a1b42f1444741"},
    {file = "PyYAML-6.0.1-cp311-cp311-win_amd64.whl", hash = "sha256:bf07ee2fef7014951eeb99f56f39c9bb4af143d8aa3c21b1677805985307da34"},
    {file = "PyYAML-6.0.1.tar.gz", hash = "sha256:bfdf460b1736c775f2ba9f6a92bca30bc2095067b8a9d77876d1fad6cc3b4a43"},
]

[[package]]
name = "referencing"
version = "0.30.2"
requires_python = ">=3.8"
summary = "JSON Referencing + Python"
dependencies = [
    "attrs>=22.2.0",
    "rpds-py>=0.7.0",
]
files = [
    {file = "referencing-0.30.2-py3-none-any.whl", hash = "sha256:449b6669b6121a9e96a7f9e410b245d471e8d48964c67113ce9afe50c8dd7bdf"},
    {file = "referencing-0.30.2.tar.gz", hash = "sha256:794ad8003c65938edcdbc027f1933215e0d0ccc0291e3ce20a4d87432b59efc0"},
]

[[package]]
name = "rpds-py"
version = "0.9.2"
requires_python = ">=3.8"
summary = "Python bindings to Rust's persistent data structures (rpds)"
files = [
    {file = "rpds_py-0.9.2-cp310-cp310-macosx_10_7_x86_64.whl", hash = "sha256:ab6919a09c055c9b092798ce18c6c4adf49d24d4d9e43a92b257e3f2548231e7"},
    {file = "rpds_py-0.9.2-cp310-cp310-macosx_11_0_arm64.whl", hash = "sha256:d55777a80f78dd09410bd84ff8c95ee05519f41113b2df90a69622f5540c4f8b"},
    {file = "rpds_py-0.9.2-cp310-cp310-manylinux_2_17_aarch64.manylinux2014_aarch64.whl", hash = "sha256:a216b26e5af0a8e265d4efd65d3bcec5fba6b26909014effe20cd302fd1138fa"},
    {file = "rpds_py-0.9.2-cp310-cp310-manylinux_2_17_armv7l.manylinux2014_armv7l.whl", hash = "sha256:29cd8bfb2d716366a035913ced99188a79b623a3512292963d84d3e06e63b496"},
    {file = "rpds_py-0.9.2-cp310-cp310-manylinux_2_17_ppc64le.manylinux2014_ppc64le.whl", hash = "sha256:44659b1f326214950a8204a248ca6199535e73a694be8d3e0e869f820767f12f"},
    {file = "rpds_py-0.9.2-cp310-cp310-manylinux_2_17_s390x.manylinux2014_s390x.whl", hash = "sha256:745f5a43fdd7d6d25a53ab1a99979e7f8ea419dfefebcab0a5a1e9095490ee5e"},
    {file = "rpds_py-0.9.2-cp310-cp310-manylinux_2_17_x86_64.manylinux2014_x86_64.whl", hash = "sha256:a987578ac5214f18b99d1f2a3851cba5b09f4a689818a106c23dbad0dfeb760f"},
    {file = "rpds_py-0.9.2-cp310-cp310-manylinux_2_5_i686.manylinux1_i686.whl", hash = "sha256:bf4151acb541b6e895354f6ff9ac06995ad9e4175cbc6d30aaed08856558201f"},
    {file = "rpds_py-0.9.2-cp310-cp310-musllinux_1_2_aarch64.whl", hash = "sha256:03421628f0dc10a4119d714a17f646e2837126a25ac7a256bdf7c3943400f67f"},
    {file = "rpds_py-0.9.2-cp310-cp310-musllinux_1_2_i686.whl", hash = "sha256:13b602dc3e8dff3063734f02dcf05111e887f301fdda74151a93dbbc249930fe"},
    {file = "rpds_py-0.9.2-cp310-cp310-musllinux_1_2_x86_64.whl", hash = "sha256:fae5cb554b604b3f9e2c608241b5d8d303e410d7dfb6d397c335f983495ce7f6"},
    {file = "rpds_py-0.9.2-cp310-none-win32.whl", hash = "sha256:47c5f58a8e0c2c920cc7783113df2fc4ff12bf3a411d985012f145e9242a2764"},
    {file = "rpds_py-0.9.2-cp310-none-win_amd64.whl", hash = "sha256:4ea6b73c22d8182dff91155af018b11aac9ff7eca085750455c5990cb1cfae6e"},
    {file = "rpds_py-0.9.2-cp311-cp311-macosx_10_7_x86_64.whl", hash = "sha256:e564d2238512c5ef5e9d79338ab77f1cbbda6c2d541ad41b2af445fb200385e3"},
    {file = "rpds_py-0.9.2-cp311-cp311-macosx_11_0_arm64.whl", hash = "sha256:f411330a6376fb50e5b7a3e66894e4a39e60ca2e17dce258d53768fea06a37bd"},
    {file = "rpds_py-0.9.2-cp311-cp311-manylinux_2_17_aarch64.manylinux2014_aarch64.whl", hash = "sha256:0e7521f5af0233e89939ad626b15278c71b69dc1dfccaa7b97bd4cdf96536bb7"},
    {file = "rpds_py-0.9.2-cp311-cp311-manylinux_2_17_armv7l.manylinux2014_armv7l.whl", hash = "sha256:8d3335c03100a073883857e91db9f2e0ef8a1cf42dc0369cbb9151c149dbbc1b"},
    {file = "rpds_py-0.9.2-cp311-cp311-manylinux_2_17_ppc64le.manylinux2014_ppc64le.whl", hash = "sha256:d25b1c1096ef0447355f7293fbe9ad740f7c47ae032c2884113f8e87660d8f6e"},
    {file = "rpds_py-0.9.2-cp311-cp311-manylinux_2_17_s390x.manylinux2014_s390x.whl", hash = "sha256:6a5d3fbd02efd9cf6a8ffc2f17b53a33542f6b154e88dd7b42ef4a4c0700fdad"},
    {file = "rpds_py-0.9.2-cp311-cp311-manylinux_2_17_x86_64.manylinux2014_x86_64.whl", hash = "sha256:c5934e2833afeaf36bd1eadb57256239785f5af0220ed8d21c2896ec4d3a765f"},
    {file = "rpds_py-0.9.2-cp311-cp311-manylinux_2_5_i686.manylinux1_i686.whl", hash = "sha256:095b460e117685867d45548fbd8598a8d9999227e9061ee7f012d9d264e6048d"},
    {file = "rpds_py-0.9.2-cp311-cp311-musllinux_1_2_aarch64.whl", hash = "sha256:91378d9f4151adc223d584489591dbb79f78814c0734a7c3bfa9c9e09978121c"},
    {file = "rpds_py-0.9.2-cp311-cp311-musllinux_1_2_i686.whl", hash = "sha256:24a81c177379300220e907e9b864107614b144f6c2a15ed5c3450e19cf536fae"},
    {file = "rpds_py-0.9.2-cp311-cp311-musllinux_1_2_x86_64.whl", hash = "sha256:de0b6eceb46141984671802d412568d22c6bacc9b230174f9e55fc72ef4f57de"},
    {file = "rpds_py-0.9.2-cp311-none-win32.whl", hash = "sha256:700375326ed641f3d9d32060a91513ad668bcb7e2cffb18415c399acb25de2ab"},
    {file = "rpds_py-0.9.2-cp311-none-win_amd64.whl", hash = "sha256:0766babfcf941db8607bdaf82569ec38107dbb03c7f0b72604a0b346b6eb3298"},
    {file = "rpds_py-0.9.2-cp312-cp312-macosx_10_7_x86_64.whl", hash = "sha256:b1440c291db3f98a914e1afd9d6541e8fc60b4c3aab1a9008d03da4651e67386"},
    {file = "rpds_py-0.9.2-cp312-cp312-macosx_11_0_arm64.whl", hash = "sha256:0f2996fbac8e0b77fd67102becb9229986396e051f33dbceada3debaacc7033f"},
    {file = "rpds_py-0.9.2-cp312-cp312-manylinux_2_17_aarch64.manylinux2014_aarch64.whl", hash = "sha256:9f30d205755566a25f2ae0382944fcae2f350500ae4df4e795efa9e850821d82"},
    {file = "rpds_py-0.9.2-cp312-cp312-manylinux_2_17_armv7l.manylinux2014_armv7l.whl", hash = "sha256:159fba751a1e6b1c69244e23ba6c28f879a8758a3e992ed056d86d74a194a0f3"},
    {file = "rpds_py-0.9.2-cp312-cp312-manylinux_2_17_ppc64le.manylinux2014_ppc64le.whl", hash = "sha256:a1f044792e1adcea82468a72310c66a7f08728d72a244730d14880cd1dabe36b"},
    {file = "rpds_py-0.9.2-cp312-cp312-manylinux_2_17_s390x.manylinux2014_s390x.whl", hash = "sha256:9251eb8aa82e6cf88510530b29eef4fac825a2b709baf5b94a6094894f252387"},
    {file = "rpds_py-0.9.2-cp312-cp312-manylinux_2_17_x86_64.manylinux2014_x86_64.whl", hash = "sha256:01899794b654e616c8625b194ddd1e5b51ef5b60ed61baa7a2d9c2ad7b2a4238"},
    {file = "rpds_py-0.9.2-cp312-cp312-manylinux_2_5_i686.manylinux1_i686.whl", hash = "sha256:b0c43f8ae8f6be1d605b0465671124aa8d6a0e40f1fb81dcea28b7e3d87ca1e1"},
    {file = "rpds_py-0.9.2-cp312-cp312-musllinux_1_2_aarch64.whl", hash = "sha256:207f57c402d1f8712618f737356e4b6f35253b6d20a324d9a47cb9f38ee43a6b"},
    {file = "rpds_py-0.9.2-cp312-cp312-musllinux_1_2_i686.whl", hash = "sha256:b52e7c5ae35b00566d244ffefba0f46bb6bec749a50412acf42b1c3f402e2c90"},
    {file = "rpds_py-0.9.2-cp312-cp312-musllinux_1_2_x86_64.whl", hash = "sha256:978fa96dbb005d599ec4fd9ed301b1cc45f1a8f7982d4793faf20b404b56677d"},
    {file = "rpds_py-0.9.2-pp310-pypy310_pp73-macosx_10_7_x86_64.whl", hash = "sha256:196cb208825a8b9c8fc360dc0f87993b8b260038615230242bf18ec84447c08d"},
    {file = "rpds_py-0.9.2-pp310-pypy310_pp73-macosx_11_0_arm64.whl", hash = "sha256:c7671d45530fcb6d5e22fd40c97e1e1e01965fc298cbda523bb640f3d923b387"},
    {file = "rpds_py-0.9.2-pp310-pypy310_pp73-manylinux_2_17_aarch64.manylinux2014_aarch64.whl", hash = "sha256:83b32f0940adec65099f3b1c215ef7f1d025d13ff947975a055989cb7fd019a4"},
    {file = "rpds_py-0.9.2-pp310-pypy310_pp73-manylinux_2_17_armv7l.manylinux2014_armv7l.whl", hash = "sha256:7f67da97f5b9eac838b6980fc6da268622e91f8960e083a34533ca710bec8611"},
    {file = "rpds_py-0.9.2-pp310-pypy310_pp73-manylinux_2_17_ppc64le.manylinux2014_ppc64le.whl", hash = "sha256:03975db5f103997904c37e804e5f340c8fdabbb5883f26ee50a255d664eed58c"},
    {file = "rpds_py-0.9.2-pp310-pypy310_pp73-manylinux_2_17_s390x.manylinux2014_s390x.whl", hash = "sha256:987b06d1cdb28f88a42e4fb8a87f094e43f3c435ed8e486533aea0bf2e53d931"},
    {file = "rpds_py-0.9.2-pp310-pypy310_pp73-manylinux_2_17_x86_64.manylinux2014_x86_64.whl", hash = "sha256:c861a7e4aef15ff91233751619ce3a3d2b9e5877e0fcd76f9ea4f6847183aa16"},
    {file = "rpds_py-0.9.2-pp310-pypy310_pp73-manylinux_2_5_i686.manylinux1_i686.whl", hash = "sha256:02938432352359805b6da099c9c95c8a0547fe4b274ce8f1a91677401bb9a45f"},
    {file = "rpds_py-0.9.2-pp310-pypy310_pp73-musllinux_1_2_aarch64.whl", hash = "sha256:ef1f08f2a924837e112cba2953e15aacfccbbfcd773b4b9b4723f8f2ddded08e"},
    {file = "rpds_py-0.9.2-pp310-pypy310_pp73-musllinux_1_2_i686.whl", hash = "sha256:35da5cc5cb37c04c4ee03128ad59b8c3941a1e5cd398d78c37f716f32a9b7f67"},
    {file = "rpds_py-0.9.2-pp310-pypy310_pp73-musllinux_1_2_x86_64.whl", hash = "sha256:141acb9d4ccc04e704e5992d35472f78c35af047fa0cfae2923835d153f091be"},
    {file = "rpds_py-0.9.2-pp38-pypy38_pp73-macosx_10_7_x86_64.whl", hash = "sha256:79f594919d2c1a0cc17d1988a6adaf9a2f000d2e1048f71f298b056b1018e872"},
    {file = "rpds_py-0.9.2-pp38-pypy38_pp73-macosx_11_0_arm64.whl", hash = "sha256:a06418fe1155e72e16dddc68bb3780ae44cebb2912fbd8bb6ff9161de56e1798"},
    {file = "rpds_py-0.9.2-pp38-pypy38_pp73-manylinux_2_17_aarch64.manylinux2014_aarch64.whl", hash = "sha256:8b2eb034c94b0b96d5eddb290b7b5198460e2d5d0c421751713953a9c4e47d10"},
    {file = "rpds_py-0.9.2-pp38-pypy38_pp73-manylinux_2_17_armv7l.manylinux2014_armv7l.whl", hash = "sha256:8b08605d248b974eb02f40bdcd1a35d3924c83a2a5e8f5d0fa5af852c4d960af"},
    {file = "rpds_py-0.9.2-pp38-pypy38_pp73-manylinux_2_17_ppc64le.manylinux2014_ppc64le.whl", hash = "sha256:a0805911caedfe2736935250be5008b261f10a729a303f676d3d5fea6900c96a"},
    {file = "rpds_py-0.9.2-pp38-pypy38_pp73-manylinux_2_17_s390x.manylinux2014_s390x.whl", hash = "sha256:ab2299e3f92aa5417d5e16bb45bb4586171c1327568f638e8453c9f8d9e0f020"},
    {file = "rpds_py-0.9.2-pp38-pypy38_pp73-manylinux_2_17_x86_64.manylinux2014_x86_64.whl", hash = "sha256:8c8d7594e38cf98d8a7df25b440f684b510cf4627fe038c297a87496d10a174f"},
    {file = "rpds_py-0.9.2-pp38-pypy38_pp73-manylinux_2_5_i686.manylinux1_i686.whl", hash = "sha256:8b9ec12ad5f0a4625db34db7e0005be2632c1013b253a4a60e8302ad4d462afd"},
    {file = "rpds_py-0.9.2-pp38-pypy38_pp73-musllinux_1_2_aarch64.whl", hash = "sha256:1fcdee18fea97238ed17ab6478c66b2095e4ae7177e35fb71fbe561a27adf620"},
    {file = "rpds_py-0.9.2-pp38-pypy38_pp73-musllinux_1_2_i686.whl", hash = "sha256:933a7d5cd4b84f959aedeb84f2030f0a01d63ae6cf256629af3081cf3e3426e8"},
    {file = "rpds_py-0.9.2-pp38-pypy38_pp73-musllinux_1_2_x86_64.whl", hash = "sha256:686ba516e02db6d6f8c279d1641f7067ebb5dc58b1d0536c4aaebb7bf01cdc5d"},
    {file = "rpds_py-0.9.2-pp39-pypy39_pp73-macosx_10_7_x86_64.whl", hash = "sha256:0173c0444bec0a3d7d848eaeca2d8bd32a1b43f3d3fde6617aac3731fa4be05f"},
    {file = "rpds_py-0.9.2-pp39-pypy39_pp73-macosx_11_0_arm64.whl", hash = "sha256:d576c3ef8c7b2d560e301eb33891d1944d965a4d7a2eacb6332eee8a71827db6"},
    {file = "rpds_py-0.9.2-pp39-pypy39_pp73-manylinux_2_17_aarch64.manylinux2014_aarch64.whl", hash = "sha256:ed89861ee8c8c47d6beb742a602f912b1bb64f598b1e2f3d758948721d44d468"},
    {file = "rpds_py-0.9.2-pp39-pypy39_pp73-manylinux_2_17_armv7l.manylinux2014_armv7l.whl", hash = "sha256:1054a08e818f8e18910f1bee731583fe8f899b0a0a5044c6e680ceea34f93876"},
    {file = "rpds_py-0.9.2-pp39-pypy39_pp73-manylinux_2_17_ppc64le.manylinux2014_ppc64le.whl", hash = "sha256:99e7c4bb27ff1aab90dcc3e9d37ee5af0231ed98d99cb6f5250de28889a3d502"},
    {file = "rpds_py-0.9.2-pp39-pypy39_pp73-manylinux_2_17_s390x.manylinux2014_s390x.whl", hash = "sha256:c545d9d14d47be716495076b659db179206e3fd997769bc01e2d550eeb685596"},
    {file = "rpds_py-0.9.2-pp39-pypy39_pp73-manylinux_2_17_x86_64.manylinux2014_x86_64.whl", hash = "sha256:9039a11bca3c41be5a58282ed81ae422fa680409022b996032a43badef2a3752"},
    {file = "rpds_py-0.9.2-pp39-pypy39_pp73-manylinux_2_5_i686.manylinux1_i686.whl", hash = "sha256:fb39aca7a64ad0c9490adfa719dbeeb87d13be137ca189d2564e596f8ba32c07"},
    {file = "rpds_py-0.9.2-pp39-pypy39_pp73-musllinux_1_2_aarch64.whl", hash = "sha256:2d8b3b3a2ce0eaa00c5bbbb60b6713e94e7e0becab7b3db6c5c77f979e8ed1f1"},
    {file = "rpds_py-0.9.2-pp39-pypy39_pp73-musllinux_1_2_i686.whl", hash = "sha256:99b1c16f732b3a9971406fbfe18468592c5a3529585a45a35adbc1389a529a03"},
    {file = "rpds_py-0.9.2-pp39-pypy39_pp73-musllinux_1_2_x86_64.whl", hash = "sha256:c27ee01a6c3223025f4badd533bea5e87c988cb0ba2811b690395dfe16088cfe"},
    {file = "rpds_py-0.9.2.tar.gz", hash = "sha256:8d70e8f14900f2657c249ea4def963bed86a29b81f81f5b76b5a9215680de945"},
]

[[package]]
name = "setuptools"
version = "68.1.2"
requires_python = ">=3.8"
summary = "Easily download, build, install, upgrade, and uninstall Python packages"
files = [
    {file = "setuptools-68.1.2-py3-none-any.whl", hash = "sha256:3d8083eed2d13afc9426f227b24fd1659489ec107c0e86cec2ffdde5c92e790b"},
    {file = "setuptools-68.1.2.tar.gz", hash = "sha256:3d4dfa6d95f1b101d695a6160a7626e15583af71a5f52176efa5d39a054d475d"},
]

[[package]]
name = "sqlparse"
version = "0.4.4"
requires_python = ">=3.5"
summary = "A non-validating SQL parser."
files = [
    {file = "sqlparse-0.4.4-py3-none-any.whl", hash = "sha256:5430a4fe2ac7d0f93e66f1efc6e1338a41884b7ddf2a350cedd20ccc4d9d28f3"},
    {file = "sqlparse-0.4.4.tar.gz", hash = "sha256:d446183e84b8349fa3061f0fe7f06ca94ba65b426946ffebe6e3e8295332420c"},
]

[[package]]
name = "typing-extensions"
version = "4.7.1"
requires_python = ">=3.7"
summary = "Backported and Experimental Type Hints for Python 3.7+"
files = [
    {file = "typing_extensions-4.7.1-py3-none-any.whl", hash = "sha256:440d5dd3af93b060174bf433bccd69b0babc3b15b1a8dca43789fd7f61514b36"},
    {file = "typing_extensions-4.7.1.tar.gz", hash = "sha256:b75ddc264f0ba5615db7ba217daeb99701ad295353c45f9e95963337ceeeffb2"},
]

[[package]]
name = "tzdata"
version = "2023.3"
requires_python = ">=2"
summary = "Provider of IANA time zone data"
files = [
    {file = "tzdata-2023.3-py2.py3-none-any.whl", hash = "sha256:7e65763eef3120314099b6939b5546db7adce1e7d6f2e179e3df563c70511eda"},
    {file = "tzdata-2023.3.tar.gz", hash = "sha256:11ef1e08e54acb0d4f95bdb1be05da659673de4acbd21bf9c69e94cc5e907a3a"},
]

[[package]]
name = "uritemplate"
version = "4.1.1"
requires_python = ">=3.6"
summary = "Implementation of RFC 6570 URI Templates"
files = [
    {file = "uritemplate-4.1.1-py2.py3-none-any.whl", hash = "sha256:830c08b8d99bdd312ea4ead05994a38e8936266f84b9a7878232db50b044e02e"},
    {file = "uritemplate-4.1.1.tar.gz", hash = "sha256:4346edfc5c3b79f694bccd6d6099a322bbeb628dbf2cd86eea55a456ce5124f0"},
]
